# THIS IS AN AUTOGENERATED FILE. DO NOT EDIT THIS FILE DIRECTLY.
# yarn lockfile v1


"@rafdul/uniqe_id_generator@^1.0.0":
  version "1.0.0"
  resolved "https://registry.yarnpkg.com/@rafdul/uniqe_id_generator/-/uniqe_id_generator-1.0.0.tgz#6fba5cea8c38f8126f96e82e63494c9f90df771f"
  integrity sha512-w1ww/+C26nvHVefyp9ypmmC0B1zDT/JG7mx13fktCCI+k4IbAF+lc0jVzgGxFGd7ai9yuBWcdWKgaXVm/Ks6wQ==
